{
  "name": "dcp-rds",
  "version": "1.0.5",
  "lockfileVersion": 1,
  "requires": true,
  "dependencies": {
    "kvin": {
      "version": "1.2.6",
      "resolved": "https://registry.npmjs.org/kvin/-/kvin-1.2.6.tgz",
      "integrity": "sha512-1bkEp9fosmAwGq+HZX7jHH3yLC8JdHbComdYvAuQEy7qEsSkR4IvVNzRsu14DTHPCUVvtIoCyEW/gGth4EbrXQ=="
    },
    "multipart-formdata": {
      "version": "1.1.0",
      "resolved": "https://registry.npmjs.org/multipart-formdata/-/multipart-formdata-1.1.0.tgz",
      "integrity": "sha512-y7A1887vcLB9XUYrxZNEHXa0vi2KCFZXiZTcilVp0626S5LuG/s/8ee11oLclVqDm2BBvLFETX20O/dHYS/J8g=="
    },
    "nanoid": {
      "version": "3.1.30",
      "resolved": "https://registry.npmjs.org/nanoid/-/nanoid-3.1.30.tgz",
      "integrity": "sha512-zJpuPDwOv8D2zq2WRoMe1HsfZthVewpel9CAvTfc/2mBD1uUT/agc5f7GHGWXlYkFvi1mVxe4IjvP2HNrop7nQ=="
    }
  }
}
