{
  "name": "dcp-slice-service",
  "version": "1.0.0",
  "lockfileVersion": 1,
  "requires": true,
  "dependencies": {
    "access-log": {
      "version": "0.4.1",
      "resolved": "https://registry.npmjs.org/access-log/-/access-log-0.4.1.tgz",
      "integrity": "sha1-6ISitdIqlUcn0lk+UWh6DQibYbg=",
      "requires": {
        "strftime": "~0.6.2"
      }
    },
    "kvin": {
      "version": "1.2.5",
      "resolved": "https://registry.npmjs.org/kvin/-/kvin-1.2.5.tgz",
      "integrity": "sha512-DQfsGOR9DfbzYzgCUMnqv27pLhux21o12MIVL+xEOLQEkornu8+m6mh0FeNFhWUiMV4tonYzAgL58eNSyPadrA=="
    },
    "multipart-formdata": {
      "version": "1.1.0",
      "resolved": "https://registry.npmjs.org/multipart-formdata/-/multipart-formdata-1.1.0.tgz",
      "integrity": "sha512-y7A1887vcLB9XUYrxZNEHXa0vi2KCFZXiZTcilVp0626S5LuG/s/8ee11oLclVqDm2BBvLFETX20O/dHYS/J8g=="
    },
    "nanoid": {
      "version": "3.1.29",
      "resolved": "https://registry.npmjs.org/nanoid/-/nanoid-3.1.29.tgz",
      "integrity": "sha512-dW2pUSGZ8ZnCFIlBIA31SV8huOGCHb6OwzVCc7A69rb/a+SgPBwfmLvK5TKQ3INPbRkcI8a/Owo0XbiTNH19wg=="
    },
    "strftime": {
      "version": "0.6.2",
      "resolved": "https://registry.npmjs.org/strftime/-/strftime-0.6.2.tgz",
      "integrity": "sha1-2kwSBzzr7jzWD0ghlAzCexnTSKE="
    }
  }
}
